
Microsoft Visual Studio Solution File, Format Version 12.00
# Visual Studio Version 17
VisualStudioVersion = 17.10.35004.147
MinimumVisualStudioVersion = 10.0.40219.1
Project("{FAE04EC0-301F-11D3-BF4B-00C04F79EFBC}") = "ConsoleApp1.2", "ConsoleApp1.2\ConsoleApp1.2.csproj", "{16FA3551-D409-49C4-91EC-5FF3D3BD5FAF}"
EndProject
Global
	GlobalSection(SolutionConfigurationPlatforms) = preSolution
		Debug|Any CPU = Debug|Any CPU
		Release|Any CPU = Release|Any CPU
	EndGlobalSection
	GlobalSection(ProjectConfigurationPlatforms) = postSolution
		{16FA3551-D409-49C4-91EC-5FF3D3BD5FAF}.Debug|Any CPU.ActiveCfg = Debug|Any CPU
		{16FA3551-D409-49C4-91EC-5FF3D3BD5FAF}.Debug|Any CPU.Build.0 = Debug|Any CPU
		{16FA3551-D409-49C4-91EC-5FF3D3BD5FAF}.Release|Any CPU.ActiveCfg = Release|Any CPU
		{16FA3551-D409-49C4-91EC-5FF3D3BD5FAF}.Release|Any CPU.Build.0 = Release|Any CPU
	EndGlobalSection
	GlobalSection(SolutionProperties) = preSolution
		HideSolutionNode = FALSE
	EndGlobalSection
	GlobalSection(ExtensibilityGlobals) = postSolution
		SolutionGuid = {8CEF0D6D-FEE5-4E99-A0AD-F3270DCE1FDC}
	EndGlobalSection
EndGlobal
